<?xml version="1.0" encoding="utf-8"?>
<Project ToolsVersion="4.0" xmlns="http://schemas.microsoft.com/developer/msbuild/2003">
  <ItemGroup>
    <Filter Include="source files">
      <UniqueIdentifier>{4FC737F1-C7A5-4376-A066-2A32D752A2FF}</UniqueIdentifier>
      <Extensions>cpp;c;cc;cxx;def;odl;idl;hpj;bat;asm;asmx</Extensions>
    </Filter>
    <Filter Include="header files">
      <UniqueIdentifier>{93995380-89BD-4b04-88EB-625FBE52EBFB}</UniqueIdentifier>
      <Extensions>h;hpp;hxx;hm;inl;inc;xsd</Extensions>
    </Filter>
    <Filter Include="analyzers">
      <UniqueIdentifier>{ed281916-1385-43dd-ba49-d40e8504292f}</UniqueIdentifier>
    </Filter>
    <Filter Include="analyzers\common">
      <UniqueIdentifier>{cbc62969-9e1a-4ea1-8a5b-70dc05c54a74}</UniqueIdentifier>
    </Filter>
    <Filter Include="analyzers\common\analysis">
      <UniqueIdentifier>{af08d7d6-346f-4315-8a08-e5670d8ea661}</UniqueIdentifier>
    </Filter>
    <Filter Include="analyzers\common\analysis\reverse">
      <UniqueIdentifier>{5f664ed0-5376-4c1d-be74-9f437a8f28a0}</UniqueIdentifier>
    </Filter>
    <Filter Include="analyzers\common\analysis\ar">
      <UniqueIdentifier>{25265c9f-fb03-4de0-af5b-1dc8a22b6a39}</UniqueIdentifier>
    </Filter>
    <Filter Include="analyzers\common\analysis\br">
      <UniqueIdentifier>{cbd88c58-498d-4cf6-a8b8-cab8ae9c1a33}</UniqueIdentifier>
    </Filter>
    <Filter Include="analyzers\common\analysis\cjk">
      <UniqueIdentifier>{f22aa0ca-0c74-4b24-8c13-ac4bf2eaeb62}</UniqueIdentifier>
    </Filter>
    <Filter Include="analyzers\common\analysis\cn">
      <UniqueIdentifier>{9d6a5d6b-5270-4d71-bf47-e1fd628f0de5}</UniqueIdentifier>
    </Filter>
    <Filter Include="analyzers\common\analysis\cz">
      <UniqueIdentifier>{de0f0dac-e3c9-4c68-9645-bd7facc23cad}</UniqueIdentifier>
    </Filter>
    <Filter Include="analyzers\common\analysis\de">
      <UniqueIdentifier>{b3fa72fe-e465-4c37-879c-ca78a4cdfa04}</UniqueIdentifier>
    </Filter>
    <Filter Include="analyzers\common\analysis\el">
      <UniqueIdentifier>{ff7c09cf-c9c4-48f1-b627-c4577cf04005}</UniqueIdentifier>
    </Filter>
    <Filter Include="analyzers\common\analysis\fa">
      <UniqueIdentifier>{9a006a1c-6c67-4ad5-9a3a-1e73278296de}</UniqueIdentifier>
    </Filter>
    <Filter Include="analyzers\common\analysis\fr">
      <UniqueIdentifier>{15af4be9-0258-4006-8d4a-e14efa2d23d2}</UniqueIdentifier>
    </Filter>
    <Filter Include="analyzers\common\analysis\nl">
      <UniqueIdentifier>{897982c5-a448-4a64-a394-5b6621b73523}</UniqueIdentifier>
    </Filter>
    <Filter Include="analyzers\common\analysis\ru">
      <UniqueIdentifier>{892af3ea-b061-4b0e-83ba-d221682d4d98}</UniqueIdentifier>
    </Filter>
    <Filter Include="snowball">
      <UniqueIdentifier>{1f5a687a-5a25-4d1f-aff1-224dd446d1b4}</UniqueIdentifier>
    </Filter>
    <Filter Include="snowball\libstemmer">
      <UniqueIdentifier>{65078152-1671-49dc-8eff-10daa009b07b}</UniqueIdentifier>
    </Filter>
    <Filter Include="snowball\libstemmer\runtime">
      <UniqueIdentifier>{99f2b070-1b33-44cc-b645-c887144eb557}</UniqueIdentifier>
    </Filter>
    <Filter Include="snowball\libstemmer\libstemmer">
      <UniqueIdentifier>{a5432a73-3546-49ee-9b10-974d0dfbd3a7}</UniqueIdentifier>
    </Filter>
    <Filter Include="snowball\libstemmer\src">
      <UniqueIdentifier>{0df31b77-1d5d-42dc-839d-c77784ea81c4}</UniqueIdentifier>
    </Filter>
    <Filter Include="highlighter">
      <UniqueIdentifier>{72f1545b-b051-45f8-b0b3-bf0facf48e9b}</UniqueIdentifier>
    </Filter>
    <Filter Include="memory">
      <UniqueIdentifier>{2d2a742a-d676-42ee-be16-54d6ed3e42b0}</UniqueIdentifier>
    </Filter>
  </ItemGroup>
  <ItemGroup>
    <ClCompile Include="ContribInc.cpp">
      <Filter>source files</Filter>
    </ClCompile>
    <ClCompile Include="dllmain.cpp">
      <Filter>source files</Filter>
    </ClCompile>
    <ClCompile Include="..\analyzers\common\analysis\reverse\ReverseStringFilter.cpp">
      <Filter>analyzers\common\analysis\reverse</Filter>
    </ClCompile>
    <ClCompile Include="..\analyzers\common\analysis\ar\ArabicAnalyzer.cpp">
      <Filter>analyzers\common\analysis\ar</Filter>
    </ClCompile>
    <ClCompile Include="..\analyzers\common\analysis\ar\ArabicLetterTokenizer.cpp">
      <Filter>analyzers\common\analysis\ar</Filter>
    </ClCompile>
    <ClCompile Include="..\analyzers\common\analysis\ar\ArabicNormalizationFilter.cpp">
      <Filter>analyzers\common\analysis\ar</Filter>
    </ClCompile>
    <ClCompile Include="..\analyzers\common\analysis\ar\ArabicNormalizer.cpp">
      <Filter>analyzers\common\analysis\ar</Filter>
    </ClCompile>
    <ClCompile Include="..\analyzers\common\analysis\ar\ArabicStemFilter.cpp">
      <Filter>analyzers\common\analysis\ar</Filter>
    </ClCompile>
    <ClCompile Include="..\analyzers\common\analysis\ar\ArabicStemmer.cpp">
      <Filter>analyzers\common\analysis\ar</Filter>
    </ClCompile>
    <ClCompile Include="..\analyzers\common\analysis\br\BrazilianAnalyzer.cpp">
      <Filter>analyzers\common\analysis\br</Filter>
    </ClCompile>
    <ClCompile Include="..\analyzers\common\analysis\br\BrazilianStemFilter.cpp">
      <Filter>analyzers\common\analysis\br</Filter>
    </ClCompile>
    <ClCompile Include="..\analyzers\common\analysis\br\BrazilianStemmer.cpp">
      <Filter>analyzers\common\analysis\br</Filter>
    </ClCompile>
    <ClCompile Include="..\analyzers\common\analysis\cjk\CJKAnalyzer.cpp">
      <Filter>analyzers\common\analysis\cjk</Filter>
    </ClCompile>
    <ClCompile Include="..\analyzers\common\analysis\cjk\CJKTokenizer.cpp">
      <Filter>analyzers\common\analysis\cjk</Filter>
    </ClCompile>
    <ClCompile Include="..\analyzers\common\analysis\cn\ChineseAnalyzer.cpp">
      <Filter>analyzers\common\analysis\cn</Filter>
    </ClCompile>
    <ClCompile Include="..\analyzers\common\analysis\cn\ChineseFilter.cpp">
      <Filter>analyzers\common\analysis\cn</Filter>
    </ClCompile>
    <ClCompile Include="..\analyzers\common\analysis\cn\ChineseTokenizer.cpp">
      <Filter>analyzers\common\analysis\cn</Filter>
    </ClCompile>
    <ClCompile Include="..\analyzers\common\analysis\cz\CzechAnalyzer.cpp">
      <Filter>analyzers\common\analysis\cz</Filter>
    </ClCompile>
    <ClCompile Include="..\analyzers\common\analysis\de\GermanAnalyzer.cpp">
      <Filter>analyzers\common\analysis\de</Filter>
    </ClCompile>
    <ClCompile Include="..\analyzers\common\analysis\de\GermanStemFilter.cpp">
      <Filter>analyzers\common\analysis\de</Filter>
    </ClCompile>
    <ClCompile Include="..\analyzers\common\analysis\de\GermanStemmer.cpp">
      <Filter>analyzers\common\analysis\de</Filter>
    </ClCompile>
    <ClCompile Include="..\analyzers\common\analysis\el\GreekAnalyzer.cpp">
      <Filter>analyzers\common\analysis\el</Filter>
    </ClCompile>
    <ClCompile Include="..\analyzers\common\analysis\el\GreekLowerCaseFilter.cpp">
      <Filter>analyzers\common\analysis\el</Filter>
    </ClCompile>
    <ClCompile Include="..\analyzers\common\analysis\fa\PersianAnalyzer.cpp">
      <Filter>analyzers\common\analysis\fa</Filter>
    </ClCompile>
    <ClCompile Include="..\analyzers\common\analysis\fa\PersianNormalizationFilter.cpp">
      <Filter>analyzers\common\analysis\fa</Filter>
    </ClCompile>
    <ClCompile Include="..\analyzers\common\analysis\fa\PersianNormalizer.cpp">
      <Filter>analyzers\common\analysis\fa</Filter>
    </ClCompile>
    <ClCompile Include="..\analyzers\common\analysis\fr\ElisionFilter.cpp">
      <Filter>analyzers\common\analysis\fr</Filter>
    </ClCompile>
    <ClCompile Include="..\analyzers\common\analysis\fr\FrenchAnalyzer.cpp">
      <Filter>analyzers\common\analysis\fr</Filter>
    </ClCompile>
    <ClCompile Include="..\analyzers\common\analysis\fr\FrenchStemFilter.cpp">
      <Filter>analyzers\common\analysis\fr</Filter>
    </ClCompile>
    <ClCompile Include="..\analyzers\common\analysis\fr\FrenchStemmer.cpp">
      <Filter>analyzers\common\analysis\fr</Filter>
    </ClCompile>
    <ClCompile Include="..\analyzers\common\analysis\nl\DutchAnalyzer.cpp">
      <Filter>analyzers\common\analysis\nl</Filter>
    </ClCompile>
    <ClCompile Include="..\analyzers\common\analysis\nl\DutchStemFilter.cpp">
      <Filter>analyzers\common\analysis\nl</Filter>
    </ClCompile>
    <ClCompile Include="..\analyzers\common\analysis\nl\DutchStemmer.cpp">
      <Filter>analyzers\common\analysis\nl</Filter>
    </ClCompile>
    <ClCompile Include="..\analyzers\common\analysis\ru\RussianAnalyzer.cpp">
      <Filter>analyzers\common\analysis\ru</Filter>
    </ClCompile>
    <ClCompile Include="..\analyzers\common\analysis\ru\RussianLetterTokenizer.cpp">
      <Filter>analyzers\common\analysis\ru</Filter>
    </ClCompile>
    <ClCompile Include="..\analyzers\common\analysis\ru\RussianLowerCaseFilter.cpp">
      <Filter>analyzers\common\analysis\ru</Filter>
    </ClCompile>
    <ClCompile Include="..\analyzers\common\analysis\ru\RussianStemFilter.cpp">
      <Filter>analyzers\common\analysis\ru</Filter>
    </ClCompile>
    <ClCompile Include="..\analyzers\common\analysis\ru\RussianStemmer.cpp">
      <Filter>analyzers\common\analysis\ru</Filter>
    </ClCompile>
    <ClCompile Include="..\snowball\SnowballAnalyzer.cpp">
      <Filter>snowball</Filter>
    </ClCompile>
    <ClCompile Include="..\snowball\SnowballFilter.cpp">
      <Filter>snowball</Filter>
    </ClCompile>
    <ClCompile Include="..\snowball\libstemmer_c\runtime\api.c">
      <Filter>snowball\libstemmer\runtime</Filter>
    </ClCompile>
    <ClCompile Include="..\snowball\libstemmer_c\runtime\utilities.c">
      <Filter>snowball\libstemmer\runtime</Filter>
    </ClCompile>
    <ClCompile Include="..\snowball\libstemmer_c\libstemmer\libstemmer_utf8.c">
      <Filter>snowball\libstemmer\libstemmer</Filter>
    </ClCompile>
    <ClCompile Include="..\snowball\libstemmer_c\src_c\stem_UTF_8_danish.c">
      <Filter>snowball\libstemmer\src</Filter>
    </ClCompile>
    <ClCompile Include="..\snowball\libstemmer_c\src_c\stem_UTF_8_dutch.c">
      <Filter>snowball\libstemmer\src</Filter>
    </ClCompile>
    <ClCompile Include="..\snowball\libstemmer_c\src_c\stem_UTF_8_english.c">
      <Filter>snowball\libstemmer\src</Filter>
    </ClCompile>
    <ClCompile Include="..\snowball\libstemmer_c\src_c\stem_UTF_8_finnish.c">
      <Filter>snowball\libstemmer\src</Filter>
    </ClCompile>
    <ClCompile Include="..\snowball\libstemmer_c\src_c\stem_UTF_8_french.c">
      <Filter>snowball\libstemmer\src</Filter>
    </ClCompile>
    <ClCompile Include="..\snowball\libstemmer_c\src_c\stem_UTF_8_german.c">
      <Filter>snowball\libstemmer\src</Filter>
    </ClCompile>
    <ClCompile Include="..\snowball\libstemmer_c\src_c\stem_UTF_8_hungarian.c">
      <Filter>snowball\libstemmer\src</Filter>
    </ClCompile>
    <ClCompile Include="..\snowball\libstemmer_c\src_c\stem_UTF_8_italian.c">
      <Filter>snowball\libstemmer\src</Filter>
    </ClCompile>
    <ClCompile Include="..\snowball\libstemmer_c\src_c\stem_UTF_8_norwegian.c">
      <Filter>snowball\libstemmer\src</Filter>
    </ClCompile>
    <ClCompile Include="..\snowball\libstemmer_c\src_c\stem_UTF_8_porter.c">
      <Filter>snowball\libstemmer\src</Filter>
    </ClCompile>
    <ClCompile Include="..\snowball\libstemmer_c\src_c\stem_UTF_8_portuguese.c">
      <Filter>snowball\libstemmer\src</Filter>
    </ClCompile>
    <ClCompile Include="..\snowball\libstemmer_c\src_c\stem_UTF_8_romanian.c">
      <Filter>snowball\libstemmer\src</Filter>
    </ClCompile>
    <ClCompile Include="..\snowball\libstemmer_c\src_c\stem_UTF_8_russian.c">
      <Filter>snowball\libstemmer\src</Filter>
    </ClCompile>
    <ClCompile Include="..\snowball\libstemmer_c\src_c\stem_UTF_8_spanish.c">
      <Filter>snowball\libstemmer\src</Filter>
    </ClCompile>
    <ClCompile Include="..\snowball\libstemmer_c\src_c\stem_UTF_8_swedish.c">
      <Filter>snowball\libstemmer\src</Filter>
    </ClCompile>
    <ClCompile Include="..\snowball\libstemmer_c\src_c\stem_UTF_8_turkish.c">
      <Filter>snowball\libstemmer\src</Filter>
    </ClCompile>
    <ClCompile Include="..\highlighter\DefaultEncoder.cpp">
      <Filter>highlighter</Filter>
    </ClCompile>
    <ClCompile Include="..\highlighter\Encoder.cpp">
      <Filter>highlighter</Filter>
    </ClCompile>
    <ClCompile Include="..\highlighter\Formatter.cpp">
      <Filter>highlighter</Filter>
    </ClCompile>
    <ClCompile Include="..\highlighter\Fragmenter.cpp">
      <Filter>highlighter</Filter>
    </ClCompile>
    <ClCompile Include="..\highlighter\GradientFormatter.cpp">
      <Filter>highlighter</Filter>
    </ClCompile>
    <ClCompile Include="..\highlighter\Highlighter.cpp">
      <Filter>highlighter</Filter>
    </ClCompile>
    <ClCompile Include="..\highlighter\HighlighterScorer.cpp">
      <Filter>highlighter</Filter>
    </ClCompile>
    <ClCompile Include="..\highlighter\MapWeightedSpanTerm.cpp">
      <Filter>highlighter</Filter>
    </ClCompile>
    <ClCompile Include="..\highlighter\NullFragmenter.cpp">
      <Filter>highlighter</Filter>
    </ClCompile>
    <ClCompile Include="..\highlighter\QueryScorer.cpp">
      <Filter>highlighter</Filter>
    </ClCompile>
    <ClCompile Include="..\highlighter\QueryTermExtractor.cpp">
      <Filter>highlighter</Filter>
    </ClCompile>
    <ClCompile Include="..\highlighter\QueryTermScorer.cpp">
      <Filter>highlighter</Filter>
    </ClCompile>
    <ClCompile Include="..\highlighter\SimpleFragmenter.cpp">
      <Filter>highlighter</Filter>
    </ClCompile>
    <ClCompile Include="..\highlighter\SimpleHTMLEncoder.cpp">
      <Filter>highlighter</Filter>
    </ClCompile>
    <ClCompile Include="..\highlighter\SimpleHTMLFormatter.cpp">
      <Filter>highlighter</Filter>
    </ClCompile>
    <ClCompile Include="..\highlighter\SimpleSpanFragmenter.cpp">
      <Filter>highlighter</Filter>
    </ClCompile>
    <ClCompile Include="..\highlighter\SpanGradientFormatter.cpp">
      <Filter>highlighter</Filter>
    </ClCompile>
    <ClCompile Include="..\highlighter\TextFragment.cpp">
      <Filter>highlighter</Filter>
    </ClCompile>
    <ClCompile Include="..\highlighter\TokenGroup.cpp">
      <Filter>highlighter</Filter>
    </ClCompile>
    <ClCompile Include="..\highlighter\TokenSources.cpp">
      <Filter>highlighter</Filter>
    </ClCompile>
    <ClCompile Include="..\highlighter\WeightedSpanTerm.cpp">
      <Filter>highlighter</Filter>
    </ClCompile>
    <ClCompile Include="..\highlighter\WeightedSpanTermExtractor.cpp">
      <Filter>highlighter</Filter>
    </ClCompile>
    <ClCompile Include="..\highlighter\WeightedTerm.cpp">
      <Filter>highlighter</Filter>
    </ClCompile>
    <ClCompile Include="..\memory\MemoryIndex.cpp">
      <Filter>memory</Filter>
    </ClCompile>
  </ItemGroup>
  <ItemGroup>
    <ClInclude Include="..\..\..\include\Config.h">
      <Filter>header files</Filter>
    </ClInclude>
    <ClInclude Include="..\include\ContribInc.h">
      <Filter>header files</Filter>
    </ClInclude>
    <ClInclude Include="..\..\..\include\Lucene.h">
      <Filter>header files</Filter>
    </ClInclude>
    <ClInclude Include="..\include\LuceneContrib.h">
      <Filter>header files</Filter>
    </ClInclude>
    <ClInclude Include="..\..\..\include\LuceneHeaders.h">
      <Filter>header files</Filter>
    </ClInclude>
    <ClInclude Include="..\..\..\include\LuceneTypes.h">
      <Filter>header files</Filter>
    </ClInclude>
    <ClInclude Include="..\..\..\include\targetver.h">
      <Filter>header files</Filter>
    </ClInclude>
    <ClInclude Include="..\include\ReverseStringFilter.h">
      <Filter>analyzers\common\analysis\reverse</Filter>
    </ClInclude>
    <ClInclude Include="..\include\ArabicAnalyzer.h">
      <Filter>analyzers\common\analysis\ar</Filter>
    </ClInclude>
    <ClInclude Include="..\include\ArabicLetterTokenizer.h">
      <Filter>analyzers\common\analysis\ar</Filter>
    </ClInclude>
    <ClInclude Include="..\include\ArabicNormalizationFilter.h">
      <Filter>analyzers\common\analysis\ar</Filter>
    </ClInclude>
    <ClInclude Include="..\include\ArabicNormalizer.h">
      <Filter>analyzers\common\analysis\ar</Filter>
    </ClInclude>
    <ClInclude Include="..\include\ArabicStemFilter.h">
      <Filter>analyzers\common\analysis\ar</Filter>
    </ClInclude>
    <ClInclude Include="..\include\ArabicStemmer.h">
      <Filter>analyzers\common\analysis\ar</Filter>
    </ClInclude>
    <ClInclude Include="..\include\BrazilianAnalyzer.h">
      <Filter>analyzers\common\analysis\br</Filter>
    </ClInclude>
    <ClInclude Include="..\include\BrazilianStemFilter.h">
      <Filter>analyzers\common\analysis\br</Filter>
    </ClInclude>
    <ClInclude Include="..\include\BrazilianStemmer.h">
      <Filter>analyzers\common\analysis\br</Filter>
    </ClInclude>
    <ClInclude Include="..\include\CJKAnalyzer.h">
      <Filter>analyzers\common\analysis\cjk</Filter>
    </ClInclude>
    <ClInclude Include="..\include\CJKTokenizer.h">
      <Filter>analyzers\common\analysis\cjk</Filter>
    </ClInclude>
    <ClInclude Include="..\include\ChineseAnalyzer.h">
      <Filter>analyzers\common\analysis\cn</Filter>
    </ClInclude>
    <ClInclude Include="..\include\ChineseFilter.h">
      <Filter>analyzers\common\analysis\cn</Filter>
    </ClInclude>
    <ClInclude Include="..\include\ChineseTokenizer.h">
      <Filter>analyzers\common\analysis\cn</Filter>
    </ClInclude>
    <ClInclude Include="..\include\CzechAnalyzer.h">
      <Filter>analyzers\common\analysis\cz</Filter>
    </ClInclude>
    <ClInclude Include="..\include\GermanAnalyzer.h">
      <Filter>analyzers\common\analysis\de</Filter>
    </ClInclude>
    <ClInclude Include="..\include\GermanStemFilter.h">
      <Filter>analyzers\common\analysis\de</Filter>
    </ClInclude>
    <ClInclude Include="..\include\GermanStemmer.h">
      <Filter>analyzers\common\analysis\de</Filter>
    </ClInclude>
    <ClInclude Include="..\include\GreekAnalyzer.h">
      <Filter>analyzers\common\analysis\el</Filter>
    </ClInclude>
    <ClInclude Include="..\include\GreekLowerCaseFilter.h">
      <Filter>analyzers\common\analysis\el</Filter>
    </ClInclude>
    <ClInclude Include="..\include\PersianAnalyzer.h">
      <Filter>analyzers\common\analysis\fa</Filter>
    </ClInclude>
    <ClInclude Include="..\include\PersianNormalizationFilter.h">
      <Filter>analyzers\common\analysis\fa</Filter>
    </ClInclude>
    <ClInclude Include="..\include\PersianNormalizer.h">
      <Filter>analyzers\common\analysis\fa</Filter>
    </ClInclude>
    <ClInclude Include="..\include\ElisionFilter.h">
      <Filter>analyzers\common\analysis\fr</Filter>
    </ClInclude>
    <ClInclude Include="..\include\FrenchAnalyzer.h">
      <Filter>analyzers\common\analysis\fr</Filter>
    </ClInclude>
    <ClInclude Include="..\include\FrenchStemFilter.h">
      <Filter>analyzers\common\analysis\fr</Filter>
    </ClInclude>
    <ClInclude Include="..\include\FrenchStemmer.h">
      <Filter>analyzers\common\analysis\fr</Filter>
    </ClInclude>
    <ClInclude Include="..\include\DutchAnalyzer.h">
      <Filter>analyzers\common\analysis\nl</Filter>
    </ClInclude>
    <ClInclude Include="..\include\DutchStemFilter.h">
      <Filter>analyzers\common\analysis\nl</Filter>
    </ClInclude>
    <ClInclude Include="..\include\DutchStemmer.h">
      <Filter>analyzers\common\analysis\nl</Filter>
    </ClInclude>
    <ClInclude Include="..\include\RussianAnalyzer.h">
      <Filter>analyzers\common\analysis\ru</Filter>
    </ClInclude>
    <ClInclude Include="..\include\RussianLetterTokenizer.h">
      <Filter>analyzers\common\analysis\ru</Filter>
    </ClInclude>
    <ClInclude Include="..\include\RussianLowerCaseFilter.h">
      <Filter>analyzers\common\analysis\ru</Filter>
    </ClInclude>
    <ClInclude Include="..\include\RussianStemFilter.h">
      <Filter>analyzers\common\analysis\ru</Filter>
    </ClInclude>
    <ClInclude Include="..\include\RussianStemmer.h">
      <Filter>analyzers\common\analysis\ru</Filter>
    </ClInclude>
    <ClInclude Include="..\include\SnowballAnalyzer.h">
      <Filter>snowball</Filter>
    </ClInclude>
    <ClInclude Include="..\include\SnowballFilter.h">
      <Filter>snowball</Filter>
    </ClInclude>
    <ClInclude Include="..\snowball\libstemmer_c\runtime\api.h">
      <Filter>snowball\libstemmer\runtime</Filter>
    </ClInclude>
    <ClInclude Include="..\snowball\libstemmer_c\runtime\header.h">
      <Filter>snowball\libstemmer\runtime</Filter>
    </ClInclude>
    <ClInclude Include="..\snowball\libstemmer_c\include\libstemmer.h">
      <Filter>snowball\libstemmer\libstemmer</Filter>
    </ClInclude>
    <ClInclude Include="..\snowball\libstemmer_c\libstemmer\modules_utf8.h">
      <Filter>snowball\libstemmer\libstemmer</Filter>
    </ClInclude>
    <ClInclude Include="..\snowball\libstemmer_c\src_c\stem_UTF_8_danish.h">
      <Filter>snowball\libstemmer\src</Filter>
    </ClInclude>
    <ClInclude Include="..\snowball\libstemmer_c\src_c\stem_UTF_8_dutch.h">
      <Filter>snowball\libstemmer\src</Filter>
    </ClInclude>
    <ClInclude Include="..\snowball\libstemmer_c\src_c\stem_UTF_8_english.h">
      <Filter>snowball\libstemmer\src</Filter>
    </ClInclude>
    <ClInclude Include="..\snowball\libstemmer_c\src_c\stem_UTF_8_finnish.h">
      <Filter>snowball\libstemmer\src</Filter>
    </ClInclude>
    <ClInclude Include="..\snowball\libstemmer_c\src_c\stem_UTF_8_french.h">
      <Filter>snowball\libstemmer\src</Filter>
    </ClInclude>
    <ClInclude Include="..\snowball\libstemmer_c\src_c\stem_UTF_8_german.h">
      <Filter>snowball\libstemmer\src</Filter>
    </ClInclude>
    <ClInclude Include="..\snowball\libstemmer_c\src_c\stem_UTF_8_hungarian.h">
      <Filter>snowball\libstemmer\src</Filter>
    </ClInclude>
    <ClInclude Include="..\snowball\libstemmer_c\src_c\stem_UTF_8_italian.h">
      <Filter>snowball\libstemmer\src</Filter>
    </ClInclude>
    <ClInclude Include="..\snowball\libstemmer_c\src_c\stem_UTF_8_norwegian.h">
      <Filter>snowball\libstemmer\src</Filter>
    </ClInclude>
    <ClInclude Include="..\snowball\libstemmer_c\src_c\stem_UTF_8_porter.h">
      <Filter>snowball\libstemmer\src</Filter>
    </ClInclude>
    <ClInclude Include="..\snowball\libstemmer_c\src_c\stem_UTF_8_portuguese.h">
      <Filter>snowball\libstemmer\src</Filter>
    </ClInclude>
    <ClInclude Include="..\snowball\libstemmer_c\src_c\stem_UTF_8_romanian.h">
      <Filter>snowball\libstemmer\src</Filter>
    </ClInclude>
    <ClInclude Include="..\snowball\libstemmer_c\src_c\stem_UTF_8_russian.h">
      <Filter>snowball\libstemmer\src</Filter>
    </ClInclude>
    <ClInclude Include="..\snowball\libstemmer_c\src_c\stem_UTF_8_spanish.h">
      <Filter>snowball\libstemmer\src</Filter>
    </ClInclude>
    <ClInclude Include="..\snowball\libstemmer_c\src_c\stem_UTF_8_swedish.h">
      <Filter>snowball\libstemmer\src</Filter>
    </ClInclude>
    <ClInclude Include="..\snowball\libstemmer_c\src_c\stem_UTF_8_turkish.h">
      <Filter>snowball\libstemmer\src</Filter>
    </ClInclude>
    <ClInclude Include="..\include\DefaultEncoder.h">
      <Filter>highlighter</Filter>
    </ClInclude>
    <ClInclude Include="..\include\Encoder.h">
      <Filter>highlighter</Filter>
    </ClInclude>
    <ClInclude Include="..\include\Formatter.h">
      <Filter>highlighter</Filter>
    </ClInclude>
    <ClInclude Include="..\include\Fragmenter.h">
      <Filter>highlighter</Filter>
    </ClInclude>
    <ClInclude Include="..\include\GradientFormatter.h">
      <Filter>highlighter</Filter>
    </ClInclude>
    <ClInclude Include="..\include\Highlighter.h">
      <Filter>highlighter</Filter>
    </ClInclude>
    <ClInclude Include="..\include\HighlighterScorer.h">
      <Filter>highlighter</Filter>
    </ClInclude>
    <ClInclude Include="..\include\MapWeightedSpanTerm.h">
      <Filter>highlighter</Filter>
    </ClInclude>
    <ClInclude Include="..\include\NullFragmenter.h">
      <Filter>highlighter</Filter>
    </ClInclude>
    <ClInclude Include="..\include\QueryScorer.h">
      <Filter>highlighter</Filter>
    </ClInclude>
    <ClInclude Include="..\include\QueryTermExtractor.h">
      <Filter>highlighter</Filter>
    </ClInclude>
    <ClInclude Include="..\include\QueryTermScorer.h">
      <Filter>highlighter</Filter>
    </ClInclude>
    <ClInclude Include="..\include\SimpleFragmenter.h">
      <Filter>highlighter</Filter>
    </ClInclude>
    <ClInclude Include="..\include\SimpleHTMLEncoder.h">
      <Filter>highlighter</Filter>
    </ClInclude>
    <ClInclude Include="..\include\SimpleHTMLFormatter.h">
      <Filter>highlighter</Filter>
    </ClInclude>
    <ClInclude Include="..\include\SimpleSpanFragmenter.h">
      <Filter>highlighter</Filter>
    </ClInclude>
    <ClInclude Include="..\include\SpanGradientFormatter.h">
      <Filter>highlighter</Filter>
    </ClInclude>
    <ClInclude Include="..\include\TextFragment.h">
      <Filter>highlighter</Filter>
    </ClInclude>
    <ClInclude Include="..\include\TokenGroup.h">
      <Filter>highlighter</Filter>
    </ClInclude>
    <ClInclude Include="..\include\TokenSources.h">
      <Filter>highlighter</Filter>
    </ClInclude>
    <ClInclude Include="..\include\WeightedSpanTerm.h">
      <Filter>highlighter</Filter>
    </ClInclude>
    <ClInclude Include="..\include\WeightedSpanTermExtractor.h">
      <Filter>highlighter</Filter>
    </ClInclude>
    <ClInclude Include="..\include\WeightedTerm.h">
      <Filter>highlighter</Filter>
    </ClInclude>
    <ClInclude Include="..\include\MemoryIndex.h">
      <Filter>memory</Filter>
    </ClInclude>
  </ItemGroup>
</Project>