
Microsoft Visual Studio Solution File, Format Version 11.00
# Visual Studio 2010
Project("{2150E333-8FDC-42A3-9474-1A3956D46DE8}") = "demos", "demos", "{E9344A66-4CC8-4E5B-83BC-8061E8962B46}"
EndProject
Project("{8BC9CEB8-8B4A-11D0-8D11-00A0C91BC942}") = "lucene_tester", "..\test\msvc\lucene_tester.vcxproj", "{6D684870-1124-49E1-8F96-7DE7B6114BEA}"
EndProject
Project("{8BC9CEB8-8B4A-11D0-8D11-00A0C91BC942}") = "indexfiles", "..\demo\indexfiles\msvc\indexfiles.vcxproj", "{688A6720-739F-4EA3-AC5B-AA67A0965103}"
EndProject
Project("{8BC9CEB8-8B4A-11D0-8D11-00A0C91BC942}") = "deletefiles", "..\demo\deletefiles\msvc\deletefiles.vcxproj", "{688A6720-739F-4EA3-AC5B-AA67A0965105}"
EndProject
Project("{8BC9CEB8-8B4A-11D0-8D11-00A0C91BC942}") = "searchfiles", "..\demo\searchfiles\msvc\searchfiles.vcxproj", "{688A6720-739F-4EA3-AC5B-AA67A0965104}"
EndProject
Project("{8BC9CEB8-8B4A-11D0-8D11-00A0C91BC942}") = "lucene_contrib", "..\contrib\msvc\lucene_contrib.vcxproj", "{46A95AFD-95FD-4280-B22E-1B56F273144B}"
EndProject
Project("{8BC9CEB8-8B4A-11D0-8D11-00A0C91BC942}") = "lucene++", "..\core\msvc\lucene++.vcxproj", "{46A95AFD-95FD-4280-B22E-1B56F273144A}"
EndProject
Global
	GlobalSection(SolutionConfigurationPlatforms) = preSolution
		Debug DLL|Win32 = Debug DLL|Win32
		Debug Static|Win32 = Debug Static|Win32
		Release DLL|Win32 = Release DLL|Win32
		Release Static|Win32 = Release Static|Win32
	EndGlobalSection
	GlobalSection(ProjectConfigurationPlatforms) = postSolution
		{6D684870-1124-49E1-8F96-7DE7B6114BEA}.Debug DLL|Win32.ActiveCfg = Debug DLL|Win32
		{6D684870-1124-49E1-8F96-7DE7B6114BEA}.Debug Static|Win32.ActiveCfg = Debug Static|Win32
		{6D684870-1124-49E1-8F96-7DE7B6114BEA}.Debug Static|Win32.Build.0 = Debug Static|Win32
		{6D684870-1124-49E1-8F96-7DE7B6114BEA}.Release DLL|Win32.ActiveCfg = Release DLL|Win32
		{6D684870-1124-49E1-8F96-7DE7B6114BEA}.Release Static|Win32.ActiveCfg = Release Static|Win32
		{6D684870-1124-49E1-8F96-7DE7B6114BEA}.Release Static|Win32.Build.0 = Release Static|Win32
		{688A6720-739F-4EA3-AC5B-AA67A0965103}.Debug DLL|Win32.ActiveCfg = Debug DLL|Win32
		{688A6720-739F-4EA3-AC5B-AA67A0965103}.Debug DLL|Win32.Build.0 = Debug DLL|Win32
		{688A6720-739F-4EA3-AC5B-AA67A0965103}.Debug Static|Win32.ActiveCfg = Debug Static|Win32
		{688A6720-739F-4EA3-AC5B-AA67A0965103}.Debug Static|Win32.Build.0 = Debug Static|Win32
		{688A6720-739F-4EA3-AC5B-AA67A0965103}.Release DLL|Win32.ActiveCfg = Release DLL|Win32
		{688A6720-739F-4EA3-AC5B-AA67A0965103}.Release DLL|Win32.Build.0 = Release DLL|Win32
		{688A6720-739F-4EA3-AC5B-AA67A0965103}.Release Static|Win32.ActiveCfg = Release Static|Win32
		{688A6720-739F-4EA3-AC5B-AA67A0965103}.Release Static|Win32.Build.0 = Release Static|Win32
		{688A6720-739F-4EA3-AC5B-AA67A0965105}.Debug DLL|Win32.ActiveCfg = Debug DLL|Win32
		{688A6720-739F-4EA3-AC5B-AA67A0965105}.Debug DLL|Win32.Build.0 = Debug DLL|Win32
		{688A6720-739F-4EA3-AC5B-AA67A0965105}.Debug Static|Win32.ActiveCfg = Debug Static|Win32
		{688A6720-739F-4EA3-AC5B-AA67A0965105}.Debug Static|Win32.Build.0 = Debug Static|Win32
		{688A6720-739F-4EA3-AC5B-AA67A0965105}.Release DLL|Win32.ActiveCfg = Release DLL|Win32
		{688A6720-739F-4EA3-AC5B-AA67A0965105}.Release DLL|Win32.Build.0 = Release DLL|Win32
		{688A6720-739F-4EA3-AC5B-AA67A0965105}.Release Static|Win32.ActiveCfg = Release Static|Win32
		{688A6720-739F-4EA3-AC5B-AA67A0965105}.Release Static|Win32.Build.0 = Release Static|Win32
		{688A6720-739F-4EA3-AC5B-AA67A0965104}.Debug DLL|Win32.ActiveCfg = Debug DLL|Win32
		{688A6720-739F-4EA3-AC5B-AA67A0965104}.Debug DLL|Win32.Build.0 = Debug DLL|Win32
		{688A6720-739F-4EA3-AC5B-AA67A0965104}.Debug Static|Win32.ActiveCfg = Debug Static|Win32
		{688A6720-739F-4EA3-AC5B-AA67A0965104}.Debug Static|Win32.Build.0 = Debug Static|Win32
		{688A6720-739F-4EA3-AC5B-AA67A0965104}.Release DLL|Win32.ActiveCfg = Release DLL|Win32
		{688A6720-739F-4EA3-AC5B-AA67A0965104}.Release DLL|Win32.Build.0 = Release DLL|Win32
		{688A6720-739F-4EA3-AC5B-AA67A0965104}.Release Static|Win32.ActiveCfg = Release Static|Win32
		{688A6720-739F-4EA3-AC5B-AA67A0965104}.Release Static|Win32.Build.0 = Release Static|Win32
		{46A95AFD-95FD-4280-B22E-1B56F273144B}.Debug DLL|Win32.ActiveCfg = Debug DLL|Win32
		{46A95AFD-95FD-4280-B22E-1B56F273144B}.Debug DLL|Win32.Build.0 = Debug DLL|Win32
		{46A95AFD-95FD-4280-B22E-1B56F273144B}.Debug Static|Win32.ActiveCfg = Debug Static|Win32
		{46A95AFD-95FD-4280-B22E-1B56F273144B}.Debug Static|Win32.Build.0 = Debug Static|Win32
		{46A95AFD-95FD-4280-B22E-1B56F273144B}.Release DLL|Win32.ActiveCfg = Release DLL|Win32
		{46A95AFD-95FD-4280-B22E-1B56F273144B}.Release DLL|Win32.Build.0 = Release DLL|Win32
		{46A95AFD-95FD-4280-B22E-1B56F273144B}.Release Static|Win32.ActiveCfg = Release Static|Win32
		{46A95AFD-95FD-4280-B22E-1B56F273144B}.Release Static|Win32.Build.0 = Release Static|Win32
		{46A95AFD-95FD-4280-B22E-1B56F273144A}.Debug DLL|Win32.ActiveCfg = Debug DLL|Win32
		{46A95AFD-95FD-4280-B22E-1B56F273144A}.Debug DLL|Win32.Build.0 = Debug DLL|Win32
		{46A95AFD-95FD-4280-B22E-1B56F273144A}.Debug Static|Win32.ActiveCfg = Debug Static|Win32
		{46A95AFD-95FD-4280-B22E-1B56F273144A}.Debug Static|Win32.Build.0 = Debug Static|Win32
		{46A95AFD-95FD-4280-B22E-1B56F273144A}.Release DLL|Win32.ActiveCfg = Release DLL|Win32
		{46A95AFD-95FD-4280-B22E-1B56F273144A}.Release DLL|Win32.Build.0 = Release DLL|Win32
		{46A95AFD-95FD-4280-B22E-1B56F273144A}.Release Static|Win32.ActiveCfg = Release Static|Win32
		{46A95AFD-95FD-4280-B22E-1B56F273144A}.Release Static|Win32.Build.0 = Release Static|Win32
	EndGlobalSection
	GlobalSection(SolutionProperties) = preSolution
		HideSolutionNode = FALSE
	EndGlobalSection
	GlobalSection(NestedProjects) = preSolution
		{688A6720-739F-4EA3-AC5B-AA67A0965103} = {E9344A66-4CC8-4E5B-83BC-8061E8962B46}
		{688A6720-739F-4EA3-AC5B-AA67A0965105} = {E9344A66-4CC8-4E5B-83BC-8061E8962B46}
		{688A6720-739F-4EA3-AC5B-AA67A0965104} = {E9344A66-4CC8-4E5B-83BC-8061E8962B46}
	EndGlobalSection
EndGlobal
